
Microsoft Visual Studio Solution File, Format Version 12.00
# Visual Studio Version 17
VisualStudioVersion = 17.3.32929.385
MinimumVisualStudioVersion = 10.0.40219.1
Project("{FAE04EC0-301F-11D3-BF4B-00C04F79EFBC}") = "sınıfYapıları", "ConsoleApp3\sınıfYapıları.csproj", "{E6AAD7A5-B09A-4C50-87A1-35255D119424}"
EndProject
Global
	GlobalSection(SolutionConfigurationPlatforms) = preSolution
		Debug|Any CPU = Debug|Any CPU
		Release|Any CPU = Release|Any CPU
	EndGlobalSection
	GlobalSection(ProjectConfigurationPlatforms) = postSolution
		{E6AAD7A5-B09A-4C50-87A1-35255D119424}.Debug|Any CPU.ActiveCfg = Debug|Any CPU
		{E6AAD7A5-B09A-4C50-87A1-35255D119424}.Debug|Any CPU.Build.0 = Debug|Any CPU
		{E6AAD7A5-B09A-4C50-87A1-35255D119424}.Release|Any CPU.ActiveCfg = Release|Any CPU
		{E6AAD7A5-B09A-4C50-87A1-35255D119424}.Release|Any CPU.Build.0 = Release|Any CPU
	EndGlobalSection
	GlobalSection(SolutionProperties) = preSolution
		HideSolutionNode = FALSE
	EndGlobalSection
	GlobalSection(ExtensibilityGlobals) = postSolution
		SolutionGuid = {1523F297-B905-490C-8B6C-34CBE5ED1EF8}
	EndGlobalSection
EndGlobal
